
Microsoft Visual Studio Solution File, Format Version 12.00
# Visual Studio Version 17
VisualStudioVersion = 17.12.35527.113
MinimumVisualStudioVersion = 10.0.40219.1
Project("{FAE04EC0-301F-11D3-BF4B-00C04F79EFBC}") = "CarService3.BL", "CarService2.BL\CarService3.BL.csproj", "{C151F260-BF95-4A91-9ACC-B4AA881D6B5C}"
EndProject
Project("{FAE04EC0-301F-11D3-BF4B-00C04F79EFBC}") = "CarService3.DL", "CarService2.DL\CarService3.DL.csproj", "{CD65DEE9-0B32-450B-905B-7AB8C24D32CE}"
EndProject
Project("{FAE04EC0-301F-11D3-BF4B-00C04F79EFBC}") = "CarService3.Host", "CarService2.Host\CarService3.Host.csproj", "{36AD4487-C8CF-463A-9E1A-D37286C33EA7}"
EndProject
Project("{FAE04EC0-301F-11D3-BF4B-00C04F79EFBC}") = "CarService3.Models", "CarService2.Models\CarService3.Models.csproj", "{60731666-E0EC-4021-8788-7F6CD8E1571F}"
EndProject
Project("{FAE04EC0-301F-11D3-BF4B-00C04F79EFBC}") = "CarService3.Tests", "CarService3.Tests\CarService3.Tests.csproj", "{DF465D9C-B1D5-4045-BC9A-53CC2579AC10}"
EndProject
Global
	GlobalSection(SolutionConfigurationPlatforms) = preSolution
		Debug|Any CPU = Debug|Any CPU
		Release|Any CPU = Release|Any CPU
	EndGlobalSection
	GlobalSection(ProjectConfigurationPlatforms) = postSolution
		{C151F260-BF95-4A91-9ACC-B4AA881D6B5C}.Debug|Any CPU.ActiveCfg = Debug|Any CPU
		{C151F260-BF95-4A91-9ACC-B4AA881D6B5C}.Debug|Any CPU.Build.0 = Debug|Any CPU
		{C151F260-BF95-4A91-9ACC-B4AA881D6B5C}.Release|Any CPU.ActiveCfg = Release|Any CPU
		{C151F260-BF95-4A91-9ACC-B4AA881D6B5C}.Release|Any CPU.Build.0 = Release|Any CPU
		{CD65DEE9-0B32-450B-905B-7AB8C24D32CE}.Debug|Any CPU.ActiveCfg = Debug|Any CPU
		{CD65DEE9-0B32-450B-905B-7AB8C24D32CE}.Debug|Any CPU.Build.0 = Debug|Any CPU
		{CD65DEE9-0B32-450B-905B-7AB8C24D32CE}.Release|Any CPU.ActiveCfg = Release|Any CPU
		{CD65DEE9-0B32-450B-905B-7AB8C24D32CE}.Release|Any CPU.Build.0 = Release|Any CPU
		{36AD4487-C8CF-463A-9E1A-D37286C33EA7}.Debug|Any CPU.ActiveCfg = Debug|Any CPU
		{36AD4487-C8CF-463A-9E1A-D37286C33EA7}.Debug|Any CPU.Build.0 = Debug|Any CPU
		{36AD4487-C8CF-463A-9E1A-D37286C33EA7}.Release|Any CPU.ActiveCfg = Release|Any CPU
		{36AD4487-C8CF-463A-9E1A-D37286C33EA7}.Release|Any CPU.Build.0 = Release|Any CPU
		{60731666-E0EC-4021-8788-7F6CD8E1571F}.Debug|Any CPU.ActiveCfg = Debug|Any CPU
		{60731666-E0EC-4021-8788-7F6CD8E1571F}.Debug|Any CPU.Build.0 = Debug|Any CPU
		{60731666-E0EC-4021-8788-7F6CD8E1571F}.Release|Any CPU.ActiveCfg = Release|Any CPU
		{60731666-E0EC-4021-8788-7F6CD8E1571F}.Release|Any CPU.Build.0 = Release|Any CPU
		{DF465D9C-B1D5-4045-BC9A-53CC2579AC10}.Debug|Any CPU.ActiveCfg = Debug|Any CPU
		{DF465D9C-B1D5-4045-BC9A-53CC2579AC10}.Debug|Any CPU.Build.0 = Debug|Any CPU
		{DF465D9C-B1D5-4045-BC9A-53CC2579AC10}.Release|Any CPU.ActiveCfg = Release|Any CPU
		{DF465D9C-B1D5-4045-BC9A-53CC2579AC10}.Release|Any CPU.Build.0 = Release|Any CPU
	EndGlobalSection
	GlobalSection(SolutionProperties) = preSolution
		HideSolutionNode = FALSE
	EndGlobalSection
	GlobalSection(ExtensibilityGlobals) = postSolution
		SolutionGuid = {6F27112D-DBF7-48B5-81FD-38F278ECE9AA}
	EndGlobalSection
EndGlobal
